
Microsoft Visual Studio Solution File, Format Version 12.00
# Visual Studio Version 16
VisualStudioVersion = 16.0.31702.278
MinimumVisualStudioVersion = 10.0.40219.1
Project("{8BC9CEB8-8B4A-11D0-8D11-00A0C91BC942}") = "preprocessor3-31.03.2022-", "preprocessor3-31.03.2022-\preprocessor3-31.03.2022-.vcxproj", "{B14011DC-7128-44D9-B927-8BBBF47B98B5}"
EndProject
Global
	GlobalSection(SolutionConfigurationPlatforms) = preSolution
		Debug|x64 = Debug|x64
		Debug|x86 = Debug|x86
		Release|x64 = Release|x64
		Release|x86 = Release|x86
	EndGlobalSection
	GlobalSection(ProjectConfigurationPlatforms) = postSolution
		{B14011DC-7128-44D9-B927-8BBBF47B98B5}.Debug|x64.ActiveCfg = Debug|x64
		{B14011DC-7128-44D9-B927-8BBBF47B98B5}.Debug|x64.Build.0 = Debug|x64
		{B14011DC-7128-44D9-B927-8BBBF47B98B5}.Debug|x86.ActiveCfg = Debug|Win32
		{B14011DC-7128-44D9-B927-8BBBF47B98B5}.Debug|x86.Build.0 = Debug|Win32
		{B14011DC-7128-44D9-B927-8BBBF47B98B5}.Release|x64.ActiveCfg = Release|x64
		{B14011DC-7128-44D9-B927-8BBBF47B98B5}.Release|x64.Build.0 = Release|x64
		{B14011DC-7128-44D9-B927-8BBBF47B98B5}.Release|x86.ActiveCfg = Release|Win32
		{B14011DC-7128-44D9-B927-8BBBF47B98B5}.Release|x86.Build.0 = Release|Win32
	EndGlobalSection
	GlobalSection(SolutionProperties) = preSolution
		HideSolutionNode = FALSE
	EndGlobalSection
	GlobalSection(ExtensibilityGlobals) = postSolution
		SolutionGuid = {1B027027-1EB9-49B1-9854-A24D999F81FD}
	EndGlobalSection
EndGlobal
